
Microsoft Visual Studio Solution File, Format Version 12.00
# Visual Studio 14
VisualStudioVersion = 14.0.24720.0
MinimumVisualStudioVersion = 10.0.40219.1
Project("{FAE04EC0-301F-11D3-BF4B-00C04F79EFBC}") = "DesafioMinhaVida", "DesafioMinhaVida\DesafioMinhaVida.csproj", "{50D80A93-47D7-4DC3-9804-DF9909113276}"
EndProject
Project("{FAE04EC0-301F-11D3-BF4B-00C04F79EFBC}") = "DesafioTest", "DesafioTest\DesafioTest.csproj", "{7AD64E1E-F37B-4AFC-945D-4683340A326A}"
EndProject
Global
	GlobalSection(SolutionConfigurationPlatforms) = preSolution
		Debug|Any CPU = Debug|Any CPU
		Release|Any CPU = Release|Any CPU
	EndGlobalSection
	GlobalSection(ProjectConfigurationPlatforms) = postSolution
		{50D80A93-47D7-4DC3-9804-DF9909113276}.Debug|Any CPU.ActiveCfg = Debug|Any CPU
		{50D80A93-47D7-4DC3-9804-DF9909113276}.Debug|Any CPU.Build.0 = Debug|Any CPU
		{50D80A93-47D7-4DC3-9804-DF9909113276}.Release|Any CPU.ActiveCfg = Release|Any CPU
		{50D80A93-47D7-4DC3-9804-DF9909113276}.Release|Any CPU.Build.0 = Release|Any CPU
		{7AD64E1E-F37B-4AFC-945D-4683340A326A}.Debug|Any CPU.ActiveCfg = Debug|Any CPU
		{7AD64E1E-F37B-4AFC-945D-4683340A326A}.Debug|Any CPU.Build.0 = Debug|Any CPU
		{7AD64E1E-F37B-4AFC-945D-4683340A326A}.Release|Any CPU.ActiveCfg = Release|Any CPU
		{7AD64E1E-F37B-4AFC-945D-4683340A326A}.Release|Any CPU.Build.0 = Release|Any CPU
	EndGlobalSection
	GlobalSection(SolutionProperties) = preSolution
		HideSolutionNode = FALSE
	EndGlobalSection
EndGlobal
